<?xml version="1.0" encoding="utf-8"?>
<Project ToolsVersion="4.0" xmlns="http://schemas.microsoft.com/developer/msbuild/2003">
  <ItemGroup>
    <ClCompile Include="Source\Buffer.cpp" />
    <ClCompile Include="Source\Camera.cpp" />
    <ClCompile Include="Source\Collider.cpp" />
    <ClCompile Include="Source\CollisionManager.cpp" />
    <ClCompile Include="Source\Component.cpp" />
    <ClCompile Include="Source\ConstantBuffer.cpp" />
    <ClCompile Include="Source\DDSTextureLoader.cpp" />
    <ClCompile Include="Source\dxerr.cpp" />
    <ClCompile Include="Source\DxgiInfoManager.cpp" />
    <ClCompile Include="Source\Engine.cpp" />
    <ClCompile Include="Source\EngineException.cpp" />
    <ClCompile Include="Source\Entity.cpp" />
    <ClCompile Include="Source\Game.cpp" />
    <ClCompile Include="Source\IndexBuffer.cpp" />
    <ClCompile Include="Source\Input.cpp" />
    <ClCompile Include="Source\LifeSystem.cpp" />
    <ClCompile Include="Source\Mesh.cpp" />
    <ClCompile Include="Source\MeshRenderer.cpp" />
    <ClCompile Include="Source\MyException.cpp" />
    <ClCompile Include="Source\Scene.cpp" />
    <ClCompile Include="Source\SceneManager.cpp" />
    <ClCompile Include="Source\Shader.cpp" />
    <ClCompile Include="Source\ShaderColor.cpp" />
    <ClCompile Include="Source\ShaderTexture.cpp" />
    <ClCompile Include="Source\Timer.cpp" />
    <ClCompile Include="Source\Transform.cpp" />
    <ClCompile Include="Source\VertexBuffer.cpp" />
    <ClCompile Include="Source\Window.cpp" />
    <ClCompile Include="Source\WindowManager.cpp" />
    <ClCompile Include="Source\Texture.cpp" />
  </ItemGroup>
  <ItemGroup>
    <ClInclude Include="Source\Buffer.h" />
    <ClInclude Include="Source\Camera.h" />
    <ClInclude Include="Source\Collider.h" />
    <ClInclude Include="Source\CollisionManager.h" />
    <ClInclude Include="Source\Component.h" />
    <ClInclude Include="Source\ConstantBuffer.h" />
    <ClInclude Include="Source\d3dx12.h" />
    <ClInclude Include="Source\DDSTextureLoader.h" />
    <ClInclude Include="Source\dxerr.h" />
    <ClInclude Include="Source\DxgiInfoManager.h" />
    <ClInclude Include="Source\Engine.h" />
    <ClInclude Include="Source\EngineException.h" />
    <ClInclude Include="Source\Entity.h" />
    <ClInclude Include="Source\framwork.h" />
    <ClInclude Include="Source\Game.h" />
    <ClInclude Include="Source\IndexBuffer.h" />
    <ClInclude Include="Source\Input.h" />
    <ClInclude Include="Source\LifeSystem.h" />
    <ClInclude Include="Source\Mesh.h" />
    <ClInclude Include="Source\MeshRenderer.h" />
    <ClInclude Include="Source\MyException.h" />
    <ClInclude Include="Source\Scene.h" />
    <ClInclude Include="Source\SceneManager.h" />
    <ClInclude Include="Source\Shader.h" />
    <ClInclude Include="Source\ShaderColor.h" />
    <ClInclude Include="Source\ShaderTexture.h" />
    <ClInclude Include="Source\Timer.h" />
    <ClInclude Include="Source\Transform.h" />
    <ClInclude Include="Source\VertexBuffer.h" />
    <ClInclude Include="Source\Window.h" />
    <ClInclude Include="Source\WindowManager.h" />
    <ClInclude Include="Source\Texture.h" />
  </ItemGroup>
  <ItemGroup>
    <None Include="Source\DXGetErrorDescription.inl" />
    <None Include="Source\DXGetErrorString.inl" />
    <None Include="Source\DXTrace.inl" />
  </ItemGroup>
</Project>