<?xml version="1.0" encoding="utf-8"?>
<Project ToolsVersion="4.0" xmlns="http://schemas.microsoft.com/developer/msbuild/2003">
  <ItemGroup>
    <ClCompile Include="Source\Controller.cpp">
      <Filter>cpp</Filter>
    </ClCompile>
    <ClCompile Include="Source\GameScene.cpp">
      <Filter>cpp</Filter>
    </ClCompile>
    <ClCompile Include="Source\main.cpp">
      <Filter>cpp</Filter>
    </ClCompile>
    <ClCompile Include="Source\MyGame.cpp">
      <Filter>cpp</Filter>
    </ClCompile>
    <ClCompile Include="Source\Player.cpp">
      <Filter>cpp</Filter>
    </ClCompile>
    <ClCompile Include="Source\asteroidCube.cpp">
      <Filter>cpp</Filter>
    </ClCompile>
    <ClCompile Include="Source\Bullet.cpp">
      <Filter>cpp</Filter>
    </ClCompile>
  </ItemGroup>
  <ItemGroup>
    <ClInclude Include="Source\Controller.h">
      <Filter>header</Filter>
    </ClInclude>
    <ClInclude Include="Source\GameScene.h">
      <Filter>header</Filter>
    </ClInclude>
    <ClInclude Include="Source\main.h">
      <Filter>header</Filter>
    </ClInclude>
    <ClInclude Include="Source\Player.h">
      <Filter>header</Filter>
    </ClInclude>
    <ClInclude Include="Source\MyGame.h">
      <Filter>header</Filter>
    </ClInclude>
    <ClInclude Include="Source\asteroidCube.h">
      <Filter>header</Filter>
    </ClInclude>
    <ClInclude Include="Source\Bullet.h">
      <Filter>header</Filter>
    </ClInclude>
  </ItemGroup>
  <ItemGroup>
    <Text Include="Source\shaders.hlsl">
      <Filter>ressource\shader</Filter>
    </Text>
    <Text Include="Source\shadersColor.hlsl">
      <Filter>ressource\shader</Filter>
    </Text>
    <Text Include="Source\shadersTexture.hlsl">
      <Filter>ressource\shader</Filter>
    </Text>
  </ItemGroup>
  <ItemGroup>
    <Filter Include="cpp">
      <UniqueIdentifier>{f9028fe8-531b-4763-8234-2e964036ffd6}</UniqueIdentifier>
    </Filter>
    <Filter Include="header">
      <UniqueIdentifier>{573bd767-4d16-4a01-94ee-8dfc7d61693a}</UniqueIdentifier>
    </Filter>
    <Filter Include="ressource">
      <UniqueIdentifier>{f586ad51-3de6-40d0-a2ba-6110f2343b95}</UniqueIdentifier>
    </Filter>
    <Filter Include="ressource\shader">
      <UniqueIdentifier>{6ed9e3e0-8dbf-4df9-b2c7-fb2aaf467594}</UniqueIdentifier>
    </Filter>
    <Filter Include="ressource\texture">
      <UniqueIdentifier>{4c172885-7100-4a9a-860e-4e8d8837c171}</UniqueIdentifier>
    </Filter>
  </ItemGroup>
  <ItemGroup>
    <Image Include="Source\pierre.dds">
      <Filter>ressource\texture</Filter>
    </Image>
  </ItemGroup>
</Project>